# This file is automatically @generated by Cargo.
# It is not intended for manual editing.
[[package]]
name = "cc"
version = "1.0.59"
source = "registry+https://github.com/rust-lang/crates.io-index"
checksum = "66120af515773fb005778dc07c261bd201ec8ce50bd6e7144c927753fe013381"
dependencies = [
 "jobserver",
]

[[package]]
name = "either"
version = "1.6.0"
source = "registry+https://github.com/rust-lang/crates.io-index"
checksum = "cd56b59865bce947ac5958779cfa508f6c3b9497cc762b7e24a12d11ccde2c4f"

[[package]]
name = "glob"
version = "0.3.0"
source = "registry+https://github.com/rust-lang/crates.io-index"
checksum = "9b919933a397b79c37e33b77bb2aa3dc8eb6e165ad809e58ff75bc7db2e34574"

[[package]]
name = "itertools"
version = "0.9.0"
source = "registry+https://github.com/rust-lang/crates.io-index"
checksum = "284f18f85651fe11e8a991b2adb42cb078325c996ed026d994719efcfca1d54b"
dependencies = [
 "either",
]

[[package]]
name = "jobserver"
version = "0.1.21"
source = "registry+https://github.com/rust-lang/crates.io-index"
checksum = "5c71313ebb9439f74b00d9d2dcec36440beaf57a6aa0623068441dd7cd81a7f2"
dependencies = [
 "libc",
]

[[package]]
name = "libc"
version = "0.2.77"
source = "registry+https://github.com/rust-lang/crates.io-index"
checksum = "f2f96b10ec2560088a8e76961b00d47107b3a625fecb76dedb29ee7ccbf98235"

[[package]]
name = "link-problem"
version = "0.1.0"
dependencies = [
 "zstd",
]

[[package]]
name = "zstd"
version = "0.5.3+zstd.1.4.5"
source = "registry+https://github.com/rust-lang/crates.io-index"
checksum = "01b32eaf771efa709e8308605bbf9319bf485dc1503179ec0469b611937c0cd8"
dependencies = [
 "zstd-safe",
]

[[package]]
name = "zstd-safe"
version = "2.0.5+zstd.1.4.5"
source = "registry+https://github.com/rust-lang/crates.io-index"
checksum = "1cfb642e0d27f64729a639c52db457e0ae906e7bc6f5fe8f5c453230400f1055"
dependencies = [
 "libc",
 "zstd-sys",
]

[[package]]
name = "zstd-sys"
version = "1.4.17+zstd.1.4.5"
source = "registry+https://github.com/rust-lang/crates.io-index"
checksum = "b89249644df056b522696b1bb9e7c18c87e8ffa3e2f0dc3b0155875d6498f01b"
dependencies = [
 "cc",
 "glob",
 "itertools",
 "libc",
]
